
Microsoft Visual Studio Solution File, Format Version 10.00
# Visual Studio 2008
Project("{8BC9CEB8-8B4A-11D0-8D11-00A0C91BC942}") = "experiment", "experiment.vcproj", "{3E1D690F-5308-47D0-8776-109D3FCC18CD}"
EndProject
Project("{54435603-DBB4-11D2-8724-00A0C9A8B90C}") = "SFM", "..\SFM\SFM.vdproj", "{C6069289-D8D3-4D80-9BCD-D4AE288C8404}"
EndProject
Global
	GlobalSection(SolutionConfigurationPlatforms) = preSolution
		Debug|Win32 = Debug|Win32
		Release|Win32 = Release|Win32
	EndGlobalSection
	GlobalSection(ProjectConfigurationPlatforms) = postSolution
		{3E1D690F-5308-47D0-8776-109D3FCC18CD}.Debug|Win32.ActiveCfg = Debug|Win32
		{3E1D690F-5308-47D0-8776-109D3FCC18CD}.Debug|Win32.Build.0 = Debug|Win32
		{3E1D690F-5308-47D0-8776-109D3FCC18CD}.Release|Win32.ActiveCfg = Release|Win32
		{3E1D690F-5308-47D0-8776-109D3FCC18CD}.Release|Win32.Build.0 = Release|Win32
		{C6069289-D8D3-4D80-9BCD-D4AE288C8404}.Debug|Win32.ActiveCfg = Debug
		{C6069289-D8D3-4D80-9BCD-D4AE288C8404}.Release|Win32.ActiveCfg = Release
	EndGlobalSection
	GlobalSection(SolutionProperties) = preSolution
		HideSolutionNode = FALSE
	EndGlobalSection
EndGlobal
